{
  "name": "test-repo",
  "version": "1.0.0",
  "lockfileVersion": 2,
  "requires": true,
  "packages": {
    "": {
      "name": "test-repo",
      "version": "1.0.0",
      "license": "ISC",
      "dependencies": {
        "lexical": "^0.11.3",
        "lodash": "^4.17.20"
      }
    },
    "node_modules/lexical": {
      "version": "0.11.3",
      "resolved": "https://registry.npmjs.org/lexical/-/lexical-0.11.3.tgz",
      "integrity": "sha512-xsMKgx/Fa+QHg/nweemU04lCy7TnEr8LyeDtsKUC7fIDN9wH3GqbnQ0+e3Hbg4FmxlhDCiPPt0GcZAROq3R8uw=="
    },
    "node_modules/lodash": {
      "version": "4.17.20",
      "resolved": "https://registry.npmjs.org/lodash/-/lodash-4.17.20.tgz",
      "integrity": "sha512-PlhdFcillOINfeV7Ni6oF1TAEayyZBoZ8bcshTHqOYJYlrqzRK5hagpagky5o4HfCzzd1TRkXPMFq6cKk9rGmA=="
    }
  },
  "dependencies": {
    "lexical": {
      "version": "0.11.3",
      "resolved": "https://registry.npmjs.org/lexical/-/lexical-0.11.3.tgz",
      "integrity": "sha512-xsMKgx/Fa+QHg/nweemU04lCy7TnEr8LyeDtsKUC7fIDN9wH3GqbnQ0+e3Hbg4FmxlhDCiPPt0GcZAROq3R8uw=="
    },
    "lodash": {
      "version": "4.17.20",
      "resolved": "https://registry.npmjs.org/lodash/-/lodash-4.17.20.tgz",
      "integrity": "sha512-PlhdFcillOINfeV7Ni6oF1TAEayyZBoZ8bcshTHqOYJYlrqzRK5hagpagky5o4HfCzzd1TRkXPMFq6cKk9rGmA=="
    }
  }
}
