{
  "name": "test-repo",
  "version": "1.0.0",
  "lockfileVersion": 2,
  "requires": true,
  "packages": {
    "": {
      "name": "test-repo",
      "version": "1.0.0",
      "license": "ISC",
      "dependencies": {
        "lexical": "^0.12.0",
        "lodash": "^4.17.20"
      }
    },
    "node_modules/lexical": {
      "version": "0.12.0",
      "resolved": "https://registry.npmjs.org/lexical/-/lexical-0.12.0.tgz",
      "integrity": "sha512-ixp8+5D9UJueZSjh9a7Z0eiiKm8MZmf//+mr0rZSCXermhdIcn1lglDGbff1KGwO1ONnFlycWJV12m8Zvtgggg=="
    },
    "node_modules/lodash": {
      "version": "4.17.20",
      "resolved": "https://registry.npmjs.org/lodash/-/lodash-4.17.20.tgz",
      "integrity": "sha512-PlhdFcillOINfeV7Ni6oF1TAEayyZBoZ8bcshTHqOYJYlrqzRK5hagpagky5o4HfCzzd1TRkXPMFq6cKk9rGmA=="
    }
  },
  "dependencies": {
    "lexical": {
      "version": "0.12.0",
      "resolved": "https://registry.npmjs.org/lexical/-/lexical-0.12.0.tgz",
      "integrity": "sha512-ixp8+5D9UJueZSjh9a7Z0eiiKm8MZmf//+mr0rZSCXermhdIcn1lglDGbff1KGwO1ONnFlycWJV12m8Zvtgggg=="
    },
    "lodash": {
      "version": "4.17.20",
      "resolved": "https://registry.npmjs.org/lodash/-/lodash-4.17.20.tgz",
      "integrity": "sha512-PlhdFcillOINfeV7Ni6oF1TAEayyZBoZ8bcshTHqOYJYlrqzRK5hagpagky5o4HfCzzd1TRkXPMFq6cKk9rGmA=="
    }
  }
}
